
Microsoft Visual Studio Solution File, Format Version 12.00
# Visual Studio Version 17
VisualStudioVersion = 17.3.32901.215
MinimumVisualStudioVersion = 10.0.40219.1
Project("{FAE04EC0-301F-11D3-BF4B-00C04F79EFBC}") = "MASYMN", "MASYMN\MASYMN.csproj", "{CF3759E4-3A4B-46E0-A634-290D2FFBC4DE}"
EndProject
Global
	GlobalSection(SolutionConfigurationPlatforms) = preSolution
		Debug|Any CPU = Debug|Any CPU
		Release|Any CPU = Release|Any CPU
	EndGlobalSection
	GlobalSection(ProjectConfigurationPlatforms) = postSolution
		{CF3759E4-3A4B-46E0-A634-290D2FFBC4DE}.Debug|Any CPU.ActiveCfg = Debug|Any CPU
		{CF3759E4-3A4B-46E0-A634-290D2FFBC4DE}.Debug|Any CPU.Build.0 = Debug|Any CPU
		{CF3759E4-3A4B-46E0-A634-290D2FFBC4DE}.Release|Any CPU.ActiveCfg = Release|Any CPU
		{CF3759E4-3A4B-46E0-A634-290D2FFBC4DE}.Release|Any CPU.Build.0 = Release|Any CPU
	EndGlobalSection
	GlobalSection(SolutionProperties) = preSolution
		HideSolutionNode = FALSE
	EndGlobalSection
	GlobalSection(ExtensibilityGlobals) = postSolution
		SolutionGuid = {B4CFD950-4A65-42FF-A671-AA011BF17643}
	EndGlobalSection
EndGlobal
